// !$*UTF8*$!
{
	archiveVersion = 1;
	classes = {
	};
	objectVersion = 50;
	objects = {

/* Begin PBXBuildFile section */
		8145981C3056F7DB00FCAF6C /* PhotoCollageApp.swift in Sources */ = {isa = PBXBuildFile; fileRef = 8145981B3056F7DB00FCAF6C /* PhotoCollageApp.swift */; };
		8145981E3056F7DB00FCAF6C /* ContentView.swift in Sources */ = {isa = PBXBuildFile; fileRef = 8145981D3056F7DB00FCAF6C /* ContentView.swift */; };
		814598203056F7DC00FCAF6C /* Assets.xcassets in Resources */ = {isa = PBXBuildFile; fileRef = 8145981F3056F7DC00FCAF6C /* Assets.xcassets */; };
		814598233056F7DC00FCAF6C /* Preview Assets.xcassets in Resources */ = {isa = PBXBuildFile; fileRef = 814598223056F7DC00FCAF6C /* Preview Assets.xcassets */; };
		8145982E3056F7DC00FCAF6C /* CardsTests.swift in Sources */ = {isa = PBXBuildFile; fileRef = 8145982D3056F7DC00FCAF6C /* CardsTests.swift */; };
		814598393056F7DC00FCAF6C /* CardsUITests.swift in Sources */ = {isa = PBXBuildFile; fileRef = 814598383056F7DC00FCAF6C /* CardsUITests.swift */; };
		8145984A3056F81900FCAF6C /* PhotoElement.swift in Sources */ = {isa = PBXBuildFile; fileRef = 814598493056F81900FCAF6C /* PhotoElement.swift */; };
		8145984F3056F83400FCAF6C /* CollageModel.swift in Sources */ = {isa = PBXBuildFile; fileRef = 8145984E3056F83400FCAF6C /* CollageModel.swift */; };
		814598543056F85500FCAF6C /* TransformModifier.swift in Sources */ = {isa = PBXBuildFile; fileRef = 814598533056F85500FCAF6C /* TransformModifier.swift */; };
		814598593056F8A100FCAF6C /* CollageView.swift in Sources */ = {isa = PBXBuildFile; fileRef = 814598583056F8A100FCAF6C /* CollageView.swift */; };
		814598613056FCB400FCAF6C /* image_1987a0.png in Resources */ = {isa = PBXBuildFile; fileRef = 814598603056FCB400FCAF6C /* image_1987a0.png */; };
/* End PBXBuildFile section */

/* Begin PBXContainerItemProxy section */
		8145982A3056F7DC00FCAF6C /* PBXContainerItemProxy */ = {
			isa = PBXContainerItemProxy;
			containerPortal = 814598103056F7DB00FCAF6C /* Project object */;
			proxyType = 1;
			remoteGlobalIDString = 814598173056F7DB00FCAF6C;
			remoteInfo = Cards;
		};
		814598353056F7DC00FCAF6C /* PBXContainerItemProxy */ = {
			isa = PBXContainerItemProxy;
			containerPortal = 814598103056F7DB00FCAF6C /* Project object */;
			proxyType = 1;
			remoteGlobalIDString = 814598173056F7DB00FCAF6C;
			remoteInfo = Cards;
		};
/* End PBXContainerItemProxy section */

/* Begin PBXFileReference section */
		814598183056F7DB00FCAF6C /* Cards.app */ = {isa = PBXFileReference; explicitFileType = wrapper.application; includeInIndex = 0; path = Cards.app; sourceTree = BUILT_PRODUCTS_DIR; };
		8145981B3056F7DB00FCAF6C /* PhotoCollageApp.swift */ = {isa = PBXFileReference; lastKnownFileType = sourcecode.swift; path = PhotoCollageApp.swift; sourceTree = "<group>"; };
		8145981D3056F7DB00FCAF6C /* ContentView.swift */ = {isa = PBXFileReference; lastKnownFileType = sourcecode.swift; path = ContentView.swift; sourceTree = "<group>"; };
		8145981F3056F7DC00FCAF6C /* Assets.xcassets */ = {isa = PBXFileReference; lastKnownFileType = folder.assetcatalog; path = Assets.xcassets; sourceTree = "<group>"; };
		814598223056F7DC00FCAF6C /* Preview Assets.xcassets */ = {isa = PBXFileReference; lastKnownFileType = folder.assetcatalog; path = "Preview Assets.xcassets"; sourceTree = "<group>"; };
		814598243056F7DC00FCAF6C /* Info.plist */ = {isa = PBXFileReference; lastKnownFileType = text.plist.xml; path = Info.plist; sourceTree = "<group>"; };
		814598293056F7DC00FCAF6C /* CardsTests.xctest */ = {isa = PBXFileReference; explicitFileType = wrapper.cfbundle; includeInIndex = 0; path = CardsTests.xctest; sourceTree = BUILT_PRODUCTS_DIR; };
		8145982D3056F7DC00FCAF6C /* CardsTests.swift */ = {isa = PBXFileReference; lastKnownFileType = sourcecode.swift; path = CardsTests.swift; sourceTree = "<group>"; };
		8145982F3056F7DC00FCAF6C /* Info.plist */ = {isa = PBXFileReference; lastKnownFileType = text.plist.xml; path = Info.plist; sourceTree = "<group>"; };
		814598343056F7DC00FCAF6C /* CardsUITests.xctest */ = {isa = PBXFileReference; explicitFileType = wrapper.cfbundle; includeInIndex = 0; path = CardsUITests.xctest; sourceTree = BUILT_PRODUCTS_DIR; };
		814598383056F7DC00FCAF6C /* CardsUITests.swift */ = {isa = PBXFileReference; lastKnownFileType = sourcecode.swift; path = CardsUITests.swift; sourceTree = "<group>"; };
		8145983A3056F7DC00FCAF6C /* Info.plist */ = {isa = PBXFileReference; lastKnownFileType = text.plist.xml; path = Info.plist; sourceTree = "<group>"; };
		814598493056F81900FCAF6C /* PhotoElement.swift */ = {isa = PBXFileReference; lastKnownFileType = sourcecode.swift; path = PhotoElement.swift; sourceTree = "<group>"; };
		8145984E3056F83400FCAF6C /* CollageModel.swift */ = {isa = PBXFileReference; lastKnownFileType = sourcecode.swift; path = CollageModel.swift; sourceTree = "<group>"; };
		814598533056F85500FCAF6C /* TransformModifier.swift */ = {isa = PBXFileReference; lastKnownFileType = sourcecode.swift; path = TransformModifier.swift; sourceTree = "<group>"; };
		814598583056F8A100FCAF6C /* CollageView.swift */ = {isa = PBXFileReference; lastKnownFileType = sourcecode.swift; path = CollageView.swift; sourceTree = "<group>"; };
		814598603056FCB400FCAF6C /* image_1987a0.png */ = {isa = PBXFileReference; lastKnownFileType = image.png; path = image_1987a0.png; sourceTree = "<group>"; };
/* End PBXFileReference section */

/* Begin PBXFrameworksBuildPhase section */
		814598153056F7DB00FCAF6C /* Frameworks */ = {
			isa = PBXFrameworksBuildPhase;
			buildActionMask = 2147483647;
			files = (
			);
			runOnlyForDeploymentPostprocessing = 0;
		};
		814598263056F7DC00FCAF6C /* Frameworks */ = {
			isa = PBXFrameworksBuildPhase;
			buildActionMask = 2147483647;
			files = (
			);
			runOnlyForDeploymentPostprocessing = 0;
		};
		814598313056F7DC00FCAF6C /* Frameworks */ = {
			isa = PBXFrameworksBuildPhase;
			buildActionMask = 2147483647;
			files = (
			);
			runOnlyForDeploymentPostprocessing = 0;
		};
/* End PBXFrameworksBuildPhase section */

/* Begin PBXGroup section */
		8145980F3056F7DB00FCAF6C = {
			isa = PBXGroup;
			children = (
				8145981A3056F7DB00FCAF6C /* Cards */,
				8145982C3056F7DC00FCAF6C /* CardsTests */,
				814598373056F7DC00FCAF6C /* CardsUITests */,
				814598193056F7DB00FCAF6C /* Products */,
			);
			sourceTree = "<group>";
		};
		814598193056F7DB00FCAF6C /* Products */ = {
			isa = PBXGroup;
			children = (
				814598183056F7DB00FCAF6C /* Cards.app */,
				814598293056F7DC00FCAF6C /* CardsTests.xctest */,
				814598343056F7DC00FCAF6C /* CardsUITests.xctest */,
			);
			name = Products;
			sourceTree = "<group>";
		};
		8145981A3056F7DB00FCAF6C /* Cards */ = {
			isa = PBXGroup;
			children = (
				8145981B3056F7DB00FCAF6C /* PhotoCollageApp.swift */,
				8145981D3056F7DB00FCAF6C /* ContentView.swift */,
				8145981F3056F7DC00FCAF6C /* Assets.xcassets */,
				814598603056FCB400FCAF6C /* image_1987a0.png */,
				814598243056F7DC00FCAF6C /* Info.plist */,
				814598213056F7DC00FCAF6C /* Preview Content */,
				814598493056F81900FCAF6C /* PhotoElement.swift */,
				8145984E3056F83400FCAF6C /* CollageModel.swift */,
				814598533056F85500FCAF6C /* TransformModifier.swift */,
				814598583056F8A100FCAF6C /* CollageView.swift */,
			);
			path = Cards;
			sourceTree = "<group>";
		};
		814598213056F7DC00FCAF6C /* Preview Content */ = {
			isa = PBXGroup;
			children = (
				814598223056F7DC00FCAF6C /* Preview Assets.xcassets */,
			);
			path = "Preview Content";
			sourceTree = "<group>";
		};
		8145982C3056F7DC00FCAF6C /* CardsTests */ = {
			isa = PBXGroup;
			children = (
				8145982D3056F7DC00FCAF6C /* CardsTests.swift */,
				8145982F3056F7DC00FCAF6C /* Info.plist */,
			);
			path = CardsTests;
			sourceTree = "<group>";
		};
		814598373056F7DC00FCAF6C /* CardsUITests */ = {
			isa = PBXGroup;
			children = (
				814598383056F7DC00FCAF6C /* CardsUITests.swift */,
				8145983A3056F7DC00FCAF6C /* Info.plist */,
			);
			path = CardsUITests;
			sourceTree = "<group>";
		};
/* End PBXGroup section */

/* Begin PBXNativeTarget section */
		814598173056F7DB00FCAF6C /* Cards */ = {
			isa = PBXNativeTarget;
			buildConfigurationList = 8145983D3056F7DC00FCAF6C /* Build configuration list for PBXNativeTarget "Cards" */;
			buildPhases = (
				814598143056F7DB00FCAF6C /* Sources */,
				814598153056F7DB00FCAF6C /* Frameworks */,
				814598163056F7DB00FCAF6C /* Resources */,
			);
			buildRules = (
			);
			dependencies = (
			);
			name = Cards;
			productName = Cards;
			productReference = 814598183056F7DB00FCAF6C /* Cards.app */;
			productType = "com.apple.product-type.application";
		};
		814598283056F7DC00FCAF6C /* CardsTests */ = {
			isa = PBXNativeTarget;
			buildConfigurationList = 814598403056F7DC00FCAF6C /* Build configuration list for PBXNativeTarget "CardsTests" */;
			buildPhases = (
				814598253056F7DC00FCAF6C /* Sources */,
				814598263056F7DC00FCAF6C /* Frameworks */,
				814598273056F7DC00FCAF6C /* Resources */,
			);
			buildRules = (
			);
			dependencies = (
				8145982B3056F7DC00FCAF6C /* PBXTargetDependency */,
			);
			name = CardsTests;
			productName = CardsTests;
			productReference = 814598293056F7DC00FCAF6C /* CardsTests.xctest */;
			productType = "com.apple.product-type.bundle.unit-test";
		};
		814598333056F7DC00FCAF6C /* CardsUITests */ = {
			isa = PBXNativeTarget;
			buildConfigurationList = 814598433056F7DC00FCAF6C /* Build configuration list for PBXNativeTarget "CardsUITests" */;
			buildPhases = (
				814598303056F7DC00FCAF6C /* Sources */,
				814598313056F7DC00FCAF6C /* Frameworks */,
				814598323056F7DC00FCAF6C /* Resources */,
			);
			buildRules = (
			);
			dependencies = (
				814598363056F7DC00FCAF6C /* PBXTargetDependency */,
			);
			name = CardsUITests;
			productName = CardsUITests;
			productReference = 814598343056F7DC00FCAF6C /* CardsUITests.xctest */;
			productType = "com.apple.product-type.bundle.ui-testing";
		};
/* End PBXNativeTarget section */

/* Begin PBXProject section */
		814598103056F7DB00FCAF6C /* Project object */ = {
			isa = PBXProject;
			attributes = {
				LastSwiftUpdateCheck = 1200;
				LastUpgradeCheck = 1200;
				TargetAttributes = {
					814598173056F7DB00FCAF6C = {
						CreatedOnToolsVersion = 12.0;
					};
					814598283056F7DC00FCAF6C = {
						CreatedOnToolsVersion = 12.0;
						TestTargetID = 814598173056F7DB00FCAF6C;
					};
					814598333056F7DC00FCAF6C = {
						CreatedOnToolsVersion = 12.0;
						TestTargetID = 814598173056F7DB00FCAF6C;
					};
				};
			};
			buildConfigurationList = 814598133056F7DB00FCAF6C /* Build configuration list for PBXProject "Cards" */;
			compatibilityVersion = "Xcode 9.3";
			developmentRegion = en;
			hasScannedForEncodings = 0;
			knownRegions = (
				en,
				Base,
			);
			mainGroup = 8145980F3056F7DB00FCAF6C;
			productRefGroup = 814598193056F7DB00FCAF6C /* Products */;
			projectDirPath = "";
			projectRoot = "";
			targets = (
				814598173056F7DB00FCAF6C /* Cards */,
				814598283056F7DC00FCAF6C /* CardsTests */,
				814598333056F7DC00FCAF6C /* CardsUITests */,
			);
		};
/* End PBXProject section */

/* Begin PBXResourcesBuildPhase section */
		814598163056F7DB00FCAF6C /* Resources */ = {
			isa = PBXResourcesBuildPhase;
			buildActionMask = 2147483647;
			files = (
				814598613056FCB400FCAF6C /* image_1987a0.png in Resources */,
				814598233056F7DC00FCAF6C /* Preview Assets.xcassets in Resources */,
				814598203056F7DC00FCAF6C /* Assets.xcassets in Resources */,
			);
			runOnlyForDeploymentPostprocessing = 0;
		};
		814598273056F7DC00FCAF6C /* Resources */ = {
			isa = PBXResourcesBuildPhase;
			buildActionMask = 2147483647;
			files = (
			);
			runOnlyForDeploymentPostprocessing = 0;
		};
		814598323056F7DC00FCAF6C /* Resources */ = {
			isa = PBXResourcesBuildPhase;
			buildActionMask = 2147483647;
			files = (
			);
			runOnlyForDeploymentPostprocessing = 0;
		};
/* End PBXResourcesBuildPhase section */

/* Begin PBXSourcesBuildPhase section */
		814598143056F7DB00FCAF6C /* Sources */ = {
			isa = PBXSourcesBuildPhase;
			buildActionMask = 2147483647;
			files = (
				814598593056F8A100FCAF6C /* CollageView.swift in Sources */,
				8145984A3056F81900FCAF6C /* PhotoElement.swift in Sources */,
				814598543056F85500FCAF6C /* TransformModifier.swift in Sources */,
				8145984F3056F83400FCAF6C /* CollageModel.swift in Sources */,
				8145981E3056F7DB00FCAF6C /* ContentView.swift in Sources */,
				8145981C3056F7DB00FCAF6C /* PhotoCollageApp.swift in Sources */,
			);
			runOnlyForDeploymentPostprocessing = 0;
		};
		814598253056F7DC00FCAF6C /* Sources */ = {
			isa = PBXSourcesBuildPhase;
			buildActionMask = 2147483647;
			files = (
				8145982E3056F7DC00FCAF6C /* CardsTests.swift in Sources */,
			);
			runOnlyForDeploymentPostprocessing = 0;
		};
		814598303056F7DC00FCAF6C /* Sources */ = {
			isa = PBXSourcesBuildPhase;
			buildActionMask = 2147483647;
			files = (
				814598393056F7DC00FCAF6C /* CardsUITests.swift in Sources */,
			);
			runOnlyForDeploymentPostprocessing = 0;
		};
/* End PBXSourcesBuildPhase section */

/* Begin PBXTargetDependency section */
		8145982B3056F7DC00FCAF6C /* PBXTargetDependency */ = {
			isa = PBXTargetDependency;
			target = 814598173056F7DB00FCAF6C /* Cards */;
			targetProxy = 8145982A3056F7DC00FCAF6C /* PBXContainerItemProxy */;
		};
		814598363056F7DC00FCAF6C /* PBXTargetDependency */ = {
			isa = PBXTargetDependency;
			target = 814598173056F7DB00FCAF6C /* Cards */;
			targetProxy = 814598353056F7DC00FCAF6C /* PBXContainerItemProxy */;
		};
/* End PBXTargetDependency section */

/* Begin XCBuildConfiguration section */
		8145983B3056F7DC00FCAF6C /* Debug */ = {
			isa = XCBuildConfiguration;
			buildSettings = {
				ALWAYS_SEARCH_USER_PATHS = NO;
				CLANG_ANALYZER_NONNULL = YES;
				CLANG_ANALYZER_NUMBER_OBJECT_CONVERSION = YES_AGGRESSIVE;
				CLANG_CXX_LANGUAGE_STANDARD = "gnu++14";
				CLANG_CXX_LIBRARY = "libc++";
				CLANG_ENABLE_MODULES = YES;
				CLANG_ENABLE_OBJC_ARC = YES;
				CLANG_ENABLE_OBJC_WEAK = YES;
				CLANG_WARN_BLOCK_CAPTURE_AUTORELEASING = YES;
				CLANG_WARN_BOOL_CONVERSION = YES;
				CLANG_WARN_COMMA = YES;
				CLANG_WARN_CONSTANT_CONVERSION = YES;
				CLANG_WARN_DEPRECATED_OBJC_IMPLEMENTATIONS = YES;
				CLANG_WARN_DIRECT_OBJC_ISA_USAGE = YES_ERROR;
				CLANG_WARN_DOCUMENTATION_COMMENTS = YES;
				CLANG_WARN_EMPTY_BODY = YES;
				CLANG_WARN_ENUM_CONVERSION = YES;
				CLANG_WARN_INFINITE_RECURSION = YES;
				CLANG_WARN_INT_CONVERSION = YES;
				CLANG_WARN_NON_LITERAL_NULL_CONVERSION = YES;
				CLANG_WARN_OBJC_IMPLICIT_RETAIN_SELF = YES;
				CLANG_WARN_OBJC_LITERAL_CONVERSION = YES;
				CLANG_WARN_OBJC_ROOT_CLASS = YES_ERROR;
				CLANG_WARN_QUOTED_INCLUDE_IN_FRAMEWORK_HEADER = YES;
				CLANG_WARN_RANGE_LOOP_ANALYSIS = YES;
				CLANG_WARN_STRICT_PROTOTYPES = YES;
				CLANG_WARN_SUSPICIOUS_MOVE = YES;
				CLANG_WARN_UNGUARDED_AVAILABILITY = YES_AGGRESSIVE;
				CLANG_WARN_UNREACHABLE_CODE = YES;
				CLANG_WARN__DUPLICATE_METHOD_MATCH = YES;
				COPY_PHASE_STRIP = NO;
				DEBUG_INFORMATION_FORMAT = dwarf;
				ENABLE_STRICT_OBJC_MSGSEND = YES;
				ENABLE_TESTABILITY = YES;
				GCC_C_LANGUAGE_STANDARD = gnu11;
				GCC_DYNAMIC_NO_PIC = NO;
				GCC_NO_COMMON_BLOCKS = YES;
				GCC_OPTIMIZATION_LEVEL = 0;
				GCC_PREPROCESSOR_DEFINITIONS = (
					"DEBUG=1",
					"$(inherited)",
				);
				GCC_WARN_64_TO_32_BIT_CONVERSION = YES;
				GCC_WARN_ABOUT_RETURN_TYPE = YES_ERROR;
				GCC_WARN_UNDECLARED_SELECTOR = YES;
				GCC_WARN_UNINITIALIZED_AUTOS = YES_AGGRESSIVE;
				GCC_WARN_UNUSED_FUNCTION = YES;
				GCC_WARN_UNUSED_VARIABLE = YES;
				IPHONEOS_DEPLOYMENT_TARGET = 14.0;
				MTL_ENABLE_DEBUG_INFO = INCLUDE_SOURCE;
				MTL_FAST_MATH = YES;
				ONLY_ACTIVE_ARCH = YES;
				SDKROOT = iphoneos;
				SWIFT_ACTIVE_COMPILATION_CONDITIONS = DEBUG;
				SWIFT_OPTIMIZATION_LEVEL = "-Onone";
			};
			name = Debug;
		};
		8145983C3056F7DC00FCAF6C /* Release */ = {
			isa = XCBuildConfiguration;
			buildSettings = {
				ALWAYS_SEARCH_USER_PATHS = NO;
				CLANG_ANALYZER_NONNULL = YES;
				CLANG_ANALYZER_NUMBER_OBJECT_CONVERSION = YES_AGGRESSIVE;
				CLANG_CXX_LANGUAGE_STANDARD = "gnu++14";
				CLANG_CXX_LIBRARY = "libc++";
				CLANG_ENABLE_MODULES = YES;
				CLANG_ENABLE_OBJC_ARC = YES;
				CLANG_ENABLE_OBJC_WEAK = YES;
				CLANG_WARN_BLOCK_CAPTURE_AUTORELEASING = YES;
				CLANG_WARN_BOOL_CONVERSION = YES;
				CLANG_WARN_COMMA = YES;
				CLANG_WARN_CONSTANT_CONVERSION = YES;
				CLANG_WARN_DEPRECATED_OBJC_IMPLEMENTATIONS = YES;
				CLANG_WARN_DIRECT_OBJC_ISA_USAGE = YES_ERROR;
				CLANG_WARN_DOCUMENTATION_COMMENTS = YES;
				CLANG_WARN_EMPTY_BODY = YES;
				CLANG_WARN_ENUM_CONVERSION = YES;
				CLANG_WARN_INFINITE_RECURSION = YES;
				CLANG_WARN_INT_CONVERSION = YES;
				CLANG_WARN_NON_LITERAL_NULL_CONVERSION = YES;
				CLANG_WARN_OBJC_IMPLICIT_RETAIN_SELF = YES;
				CLANG_WARN_OBJC_LITERAL_CONVERSION = YES;
				CLANG_WARN_OBJC_ROOT_CLASS = YES_ERROR;
				CLANG_WARN_QUOTED_INCLUDE_IN_FRAMEWORK_HEADER = YES;
				CLANG_WARN_RANGE_LOOP_ANALYSIS = YES;
				CLANG_WARN_STRICT_PROTOTYPES = YES;
				CLANG_WARN_SUSPICIOUS_MOVE = YES;
				CLANG_WARN_UNGUARDED_AVAILABILITY = YES_AGGRESSIVE;
				CLANG_WARN_UNREACHABLE_CODE = YES;
				CLANG_WARN__DUPLICATE_METHOD_MATCH = YES;
				COPY_PHASE_STRIP = NO;
				DEBUG_INFORMATION_FORMAT = "dwarf-with-dsym";
				ENABLE_NS_ASSERTIONS = NO;
				ENABLE_STRICT_OBJC_MSGSEND = YES;
				GCC_C_LANGUAGE_STANDARD = gnu11;
				GCC_NO_COMMON_BLOCKS = YES;
				GCC_WARN_64_TO_32_BIT_CONVERSION = YES;
				GCC_WARN_ABOUT_RETURN_TYPE = YES_ERROR;
				GCC_WARN_UNDECLARED_SELECTOR = YES;
				GCC_WARN_UNINITIALIZED_AUTOS = YES_AGGRESSIVE;
				GCC_WARN_UNUSED_FUNCTION = YES;
				GCC_WARN_UNUSED_VARIABLE = YES;
				IPHONEOS_DEPLOYMENT_TARGET = 14.0;
				MTL_ENABLE_DEBUG_INFO = NO;
				MTL_FAST_MATH = YES;
				SDKROOT = iphoneos;
				SWIFT_COMPILATION_MODE = wholemodule;
				SWIFT_OPTIMIZATION_LEVEL = "-O";
				VALIDATE_PRODUCT = YES;
			};
			name = Release;
		};
		8145983E3056F7DC00FCAF6C /* Debug */ = {
			isa = XCBuildConfiguration;
			buildSettings = {
				ASSETCATALOG_COMPILER_APPICON_NAME = AppIcon;
				ASSETCATALOG_COMPILER_GLOBAL_ACCENT_COLOR_NAME = AccentColor;
				CODE_SIGN_STYLE = Automatic;
				DEVELOPMENT_ASSET_PATHS = "\"Cards/Preview Content\"";
				ENABLE_PREVIEWS = YES;
				INFOPLIST_FILE = Cards/Info.plist;
				IPHONEOS_DEPLOYMENT_TARGET = 14.0;
				LD_RUNPATH_SEARCH_PATHS = (
					"$(inherited)",
					"@executable_path/Frameworks",
				);
				PRODUCT_BUNDLE_IDENTIFIER = com.vittorio..Cards;
				PRODUCT_NAME = "$(TARGET_NAME)";
				SWIFT_VERSION = 5.0;
				TARGETED_DEVICE_FAMILY = "1,2";
			};
			name = Debug;
		};
		8145983F3056F7DC00FCAF6C /* Release */ = {
			isa = XCBuildConfiguration;
			buildSettings = {
				ASSETCATALOG_COMPILER_APPICON_NAME = AppIcon;
				ASSETCATALOG_COMPILER_GLOBAL_ACCENT_COLOR_NAME = AccentColor;
				CODE_SIGN_STYLE = Automatic;
				DEVELOPMENT_ASSET_PATHS = "\"Cards/Preview Content\"";
				ENABLE_PREVIEWS = YES;
				INFOPLIST_FILE = Cards/Info.plist;
				IPHONEOS_DEPLOYMENT_TARGET = 14.0;
				LD_RUNPATH_SEARCH_PATHS = (
					"$(inherited)",
					"@executable_path/Frameworks",
				);
				PRODUCT_BUNDLE_IDENTIFIER = com.vittorio..Cards;
				PRODUCT_NAME = "$(TARGET_NAME)";
				SWIFT_VERSION = 5.0;
				TARGETED_DEVICE_FAMILY = "1,2";
			};
			name = Release;
		};
		814598413056F7DC00FCAF6C /* Debug */ = {
			isa = XCBuildConfiguration;
			buildSettings = {
				ALWAYS_EMBED_SWIFT_STANDARD_LIBRARIES = YES;
				BUNDLE_LOADER = "$(TEST_HOST)";
				CODE_SIGN_STYLE = Automatic;
				INFOPLIST_FILE = CardsTests/Info.plist;
				IPHONEOS_DEPLOYMENT_TARGET = 14.0;
				LD_RUNPATH_SEARCH_PATHS = (
					"$(inherited)",
					"@executable_path/Frameworks",
					"@loader_path/Frameworks",
				);
				PRODUCT_BUNDLE_IDENTIFIER = com.vittorio..CardsTests;
				PRODUCT_NAME = "$(TARGET_NAME)";
				SWIFT_VERSION = 5.0;
				TARGETED_DEVICE_FAMILY = "1,2";
				TEST_HOST = "$(BUILT_PRODUCTS_DIR)/Cards.app/Cards";
			};
			name = Debug;
		};
		814598423056F7DC00FCAF6C /* Release */ = {
			isa = XCBuildConfiguration;
			buildSettings = {
				ALWAYS_EMBED_SWIFT_STANDARD_LIBRARIES = YES;
				BUNDLE_LOADER = "$(TEST_HOST)";
				CODE_SIGN_STYLE = Automatic;
				INFOPLIST_FILE = CardsTests/Info.plist;
				IPHONEOS_DEPLOYMENT_TARGET = 14.0;
				LD_RUNPATH_SEARCH_PATHS = (
					"$(inherited)",
					"@executable_path/Frameworks",
					"@loader_path/Frameworks",
				);
				PRODUCT_BUNDLE_IDENTIFIER = com.vittorio..CardsTests;
				PRODUCT_NAME = "$(TARGET_NAME)";
				SWIFT_VERSION = 5.0;
				TARGETED_DEVICE_FAMILY = "1,2";
				TEST_HOST = "$(BUILT_PRODUCTS_DIR)/Cards.app/Cards";
			};
			name = Release;
		};
		814598443056F7DC00FCAF6C /* Debug */ = {
			isa = XCBuildConfiguration;
			buildSettings = {
				ALWAYS_EMBED_SWIFT_STANDARD_LIBRARIES = YES;
				CODE_SIGN_STYLE = Automatic;
				INFOPLIST_FILE = CardsUITests/Info.plist;
				LD_RUNPATH_SEARCH_PATHS = (
					"$(inherited)",
					"@executable_path/Frameworks",
					"@loader_path/Frameworks",
				);
				PRODUCT_BUNDLE_IDENTIFIER = com.vittorio..CardsUITests;
				PRODUCT_NAME = "$(TARGET_NAME)";
				SWIFT_VERSION = 5.0;
				TARGETED_DEVICE_FAMILY = "1,2";
				TEST_TARGET_NAME = Cards;
			};
			name = Debug;
		};
		814598453056F7DC00FCAF6C /* Release */ = {
			isa = XCBuildConfiguration;
			buildSettings = {
				ALWAYS_EMBED_SWIFT_STANDARD_LIBRARIES = YES;
				CODE_SIGN_STYLE = Automatic;
				INFOPLIST_FILE = CardsUITests/Info.plist;
				LD_RUNPATH_SEARCH_PATHS = (
					"$(inherited)",
					"@executable_path/Frameworks",
					"@loader_path/Frameworks",
				);
				PRODUCT_BUNDLE_IDENTIFIER = com.vittorio..CardsUITests;
				PRODUCT_NAME = "$(TARGET_NAME)";
				SWIFT_VERSION = 5.0;
				TARGETED_DEVICE_FAMILY = "1,2";
				TEST_TARGET_NAME = Cards;
			};
			name = Release;
		};
/* End XCBuildConfiguration section */

/* Begin XCConfigurationList section */
		814598133056F7DB00FCAF6C /* Build configuration list for PBXProject "Cards" */ = {
			isa = XCConfigurationList;
			buildConfigurations = (
				8145983B3056F7DC00FCAF6C /* Debug */,
				8145983C3056F7DC00FCAF6C /* Release */,
			);
			defaultConfigurationIsVisible = 0;
			defaultConfigurationName = Release;
		};
		8145983D3056F7DC00FCAF6C /* Build configuration list for PBXNativeTarget "Cards" */ = {
			isa = XCConfigurationList;
			buildConfigurations = (
				8145983E3056F7DC00FCAF6C /* Debug */,
				8145983F3056F7DC00FCAF6C /* Release */,
			);
			defaultConfigurationIsVisible = 0;
			defaultConfigurationName = Release;
		};
		814598403056F7DC00FCAF6C /* Build configuration list for PBXNativeTarget "CardsTests" */ = {
			isa = XCConfigurationList;
			buildConfigurations = (
				814598413056F7DC00FCAF6C /* Debug */,
				814598423056F7DC00FCAF6C /* Release */,
			);
			defaultConfigurationIsVisible = 0;
			defaultConfigurationName = Release;
		};
		814598433056F7DC00FCAF6C /* Build configuration list for PBXNativeTarget "CardsUITests" */ = {
			isa = XCConfigurationList;
			buildConfigurations = (
				814598443056F7DC00FCAF6C /* Debug */,
				814598453056F7DC00FCAF6C /* Release */,
			);
			defaultConfigurationIsVisible = 0;
			defaultConfigurationName = Release;
		};
/* End XCConfigurationList section */
	};
	rootObject = 814598103056F7DB00FCAF6C /* Project object */;
}
